github.com/BurntSushi/toml v1.2.1 h1:9F2/+DoOYIOksmaJFPw1tGFy1eDnIJXg+UHjuD8lTak=
github.com/BurntSushi/toml v1.2.1/go.mod h1:CxXYINrC8qIiEnFrOxCa7Jy5BFHlXnUU2pbicEuybxQ=
github.com/wadda0714/My_AI_Assistant/config v0.0.0-20230417030719-0d669e41f2fc h1:eBjMlupxnowrOJAYuqITYCykA6DiPrE5Eygv8v+4FhQ=
github.com/wadda0714/My_AI_Assistant/config v0.0.0-20230417030719-0d669e41f2fc/go.mod h1:Q7zR4KIH4YbjEE55bC7IwfLuS+SXrftmyG9jkuPxEvs=
