github.com/BurntSushi/toml v1.2.1 h1:9F2/+DoOYIOksmaJFPw1tGFy1eDnIJXg+UHjuD8lTak=
github.com/BurntSushi/toml v1.2.1/go.mod h1:CxXYINrC8qIiEnFrOxCa7Jy5BFHlXnUU2pbicEuybxQ=
github.com/wadda0714/My_AI_Assistant v1.0.0 h1:iTNL9CIDtiPBGoG26fm96g/UN5HXRtCaG6jzwC/5k4I=
github.com/wadda0714/My_AI_Assistant v1.0.0/go.mod h1:isIwJ/e4ccF+amnApjnPUooIcVE17bGIBHunolOHjas=
github.com/wadda0714/My_AI_Assistant/config v0.0.0-20230412061507-22790e5133ec h1:csRnQunApKS3kwGLu9gZi23uUavh2EZnH3d9fRPFaME=
github.com/wadda0714/My_AI_Assistant/config v0.0.0-20230412061507-22790e5133ec/go.mod h1:mSG7SvlkNVQ5w6z5htMAIY4wxwgCgEsUtc3rbxLQJBs=
github.com/wadda0714/My_AI_Assistant/config v0.0.0-20230412072055-1781ad72e415 h1:baNWt6oYMe+4ygH3uFu823N7qd1GOakSF95YBPPLPr4=
github.com/wadda0714/My_AI_Assistant/config v0.0.0-20230412072055-1781ad72e415/go.mod h1:Q7zR4KIH4YbjEE55bC7IwfLuS+SXrftmyG9jkuPxEvs=
