github.com/BurntSushi/toml v1.2.1 h1:9F2/+DoOYIOksmaJFPw1tGFy1eDnIJXg+UHjuD8lTak=
github.com/BurntSushi/toml v1.2.1/go.mod h1:CxXYINrC8qIiEnFrOxCa7Jy5BFHlXnUU2pbicEuybxQ=
github.com/wadda0714/My_AI_Assistant v1.0.0 h1:iTNL9CIDtiPBGoG26fm96g/UN5HXRtCaG6jzwC/5k4I=
github.com/wadda0714/My_AI_Assistant v1.0.0/go.mod h1:isIwJ/e4ccF+amnApjnPUooIcVE17bGIBHunolOHjas=
